
Microsoft Visual Studio Solution File, Format Version 12.00
# Visual Studio Version 16
VisualStudioVersion = 16.0.30413.136
MinimumVisualStudioVersion = 10.0.40219.1
Project("{FAE04EC0-301F-11D3-BF4B-00C04F79EFBC}") = "namespaces", "namespaces\namespaces.csproj", "{576F4B59-7009-4A93-96E5-E7AE8F46BF8C}"
EndProject
Project("{FAE04EC0-301F-11D3-BF4B-00C04F79EFBC}") = "ProjectA.TeamA", "ProjectA.TeamA\ProjectA.TeamA.csproj", "{A7E35FA4-645D-46B5-BE6F-D0284B7EEE47}"
EndProject
Project("{FAE04EC0-301F-11D3-BF4B-00C04F79EFBC}") = "ProjectA.TeamB", "ProjectA.TeamB\ProjectA.TeamB.csproj", "{8B728CAC-FFB0-4764-B143-22B6004ECA70}"
EndProject
Global
	GlobalSection(SolutionConfigurationPlatforms) = preSolution
		Debug|Any CPU = Debug|Any CPU
		Release|Any CPU = Release|Any CPU
	EndGlobalSection
	GlobalSection(ProjectConfigurationPlatforms) = postSolution
		{576F4B59-7009-4A93-96E5-E7AE8F46BF8C}.Debug|Any CPU.ActiveCfg = Debug|Any CPU
		{576F4B59-7009-4A93-96E5-E7AE8F46BF8C}.Debug|Any CPU.Build.0 = Debug|Any CPU
		{576F4B59-7009-4A93-96E5-E7AE8F46BF8C}.Release|Any CPU.ActiveCfg = Release|Any CPU
		{576F4B59-7009-4A93-96E5-E7AE8F46BF8C}.Release|Any CPU.Build.0 = Release|Any CPU
		{A7E35FA4-645D-46B5-BE6F-D0284B7EEE47}.Debug|Any CPU.ActiveCfg = Debug|Any CPU
		{A7E35FA4-645D-46B5-BE6F-D0284B7EEE47}.Debug|Any CPU.Build.0 = Debug|Any CPU
		{A7E35FA4-645D-46B5-BE6F-D0284B7EEE47}.Release|Any CPU.ActiveCfg = Release|Any CPU
		{A7E35FA4-645D-46B5-BE6F-D0284B7EEE47}.Release|Any CPU.Build.0 = Release|Any CPU
		{8B728CAC-FFB0-4764-B143-22B6004ECA70}.Debug|Any CPU.ActiveCfg = Debug|Any CPU
		{8B728CAC-FFB0-4764-B143-22B6004ECA70}.Debug|Any CPU.Build.0 = Debug|Any CPU
		{8B728CAC-FFB0-4764-B143-22B6004ECA70}.Release|Any CPU.ActiveCfg = Release|Any CPU
		{8B728CAC-FFB0-4764-B143-22B6004ECA70}.Release|Any CPU.Build.0 = Release|Any CPU
	EndGlobalSection
	GlobalSection(SolutionProperties) = preSolution
		HideSolutionNode = FALSE
	EndGlobalSection
	GlobalSection(ExtensibilityGlobals) = postSolution
		SolutionGuid = {6CB229F5-5432-42CE-9CCB-F186078CDCE1}
	EndGlobalSection
EndGlobal
